Microsoft Visual Studio Solution File, Format Version 12.00
# Visual Studio Version 17
VisualStudioVersion = 17.5.2.0
MinimumVisualStudioVersion = 10.0.40219.1
Project("{FAE04EC0-301F-11D3-BF4B-00C04F79EFBC}") = "BrasilApiConsumer", "BrasilApiConsumer.csproj", "{CA18CAEB-B454-9099-2694-A1CCA60C806A}"
EndProject
Global
	GlobalSection(SolutionConfigurationPlatforms) = preSolution
		Debug|Any CPU = Debug|Any CPU
		Release|Any CPU = Release|Any CPU
	EndGlobalSection
	GlobalSection(ProjectConfigurationPlatforms) = postSolution
		{CA18CAEB-B454-9099-2694-A1CCA60C806A}.Debug|Any CPU.ActiveCfg = Debug|Any CPU
		{CA18CAEB-B454-9099-2694-A1CCA60C806A}.Debug|Any CPU.Build.0 = Debug|Any CPU
		{CA18CAEB-B454-9099-2694-A1CCA60C806A}.Release|Any CPU.ActiveCfg = Release|Any CPU
		{CA18CAEB-B454-9099-2694-A1CCA60C806A}.Release|Any CPU.Build.0 = Release|Any CPU
	EndGlobalSection
	GlobalSection(SolutionProperties) = preSolution
		HideSolutionNode = FALSE
	EndGlobalSection
	GlobalSection(ExtensibilityGlobals) = postSolution
		SolutionGuid = {8933F439-6D65-4D9F-A88D-9280DBCA8C0F}
	EndGlobalSection
EndGlobal
